github.com/d2r2/go-max7219 v0.1.0 h1:iM385bty5AzJ/Q1AcwcGLOQHkRCEYYmFj3BaeAxiqYs=
github.com/d2r2/go-max7219 v0.1.0/go.mod h1:EjbncwMvI4lYy1/GAZcv+r7wkMX/NAQn4MnuHQNBjvU=
github.com/fulr/spidev v0.0.0-20150210165549-524e13e3fac2 h1:Bpecy8A24LtdIGkRUQTzoWf2mR0zkvxzAgTN5iP2iXM=
github.com/fulr/spidev v0.0.0-20150210165549-524e13e3fac2/go.mod h1:bMLIIHSjkThym5s6mFw/1rkPjtUDvbxSK4xTe/ai2AM=
github.com/op/go-logging v0.0.0-20160315200505-970db520ece7 h1:lDH9UUVJtmYCjyT0CI4q8xvlXPxeZ0gYCVvWbmPlp88=
github.com/op/go-logging v0.0.0-20160315200505-970db520ece7/go.mod h1:HzydrMdWErDVzsI23lYNej1Htcns9BCg93Dk0bBINWk=
golang.org/x/text v0.10.0 h1:UpjohKhiEgNc0CSauXmwYftY1+LlaC75SJwh0SgCX58=
golang.org/x/text v0.10.0/go.mod h1:TvPlkZtksWOMsz7fbANvkp4WM8x/WCo/om8BMLbz+aE=
golang.org/x/text v0.14.0 h1:ScX5w1eTa3QqT8oi6+ziP7dTV1S2+ALU0bI+0zXKWiQ=
golang.org/x/text v0.14.0/go.mod h1:18ZOQIKpY8NJVqYksKHtTdi31H5itFRjB5/qKTNYzSU=
